
Microsoft Visual Studio Solution File, Format Version 12.00
# Visual Studio Version 17
VisualStudioVersion = 17.5.33516.290
MinimumVisualStudioVersion = 10.0.40219.1
Project("{FAE04EC0-301F-11D3-BF4B-00C04F79EFBC}") = "RendszerfejlAPI", "RendszerfejlAPI\RendszerfejlAPI.csproj", "{221E8425-A2F4-480F-8537-4618798349C3}"
EndProject
Global
	GlobalSection(SolutionConfigurationPlatforms) = preSolution
		Debug|Any CPU = Debug|Any CPU
		Release|Any CPU = Release|Any CPU
	EndGlobalSection
	GlobalSection(ProjectConfigurationPlatforms) = postSolution
		{221E8425-A2F4-480F-8537-4618798349C3}.Debug|Any CPU.ActiveCfg = Debug|Any CPU
		{221E8425-A2F4-480F-8537-4618798349C3}.Debug|Any CPU.Build.0 = Debug|Any CPU
		{221E8425-A2F4-480F-8537-4618798349C3}.Release|Any CPU.ActiveCfg = Release|Any CPU
		{221E8425-A2F4-480F-8537-4618798349C3}.Release|Any CPU.Build.0 = Release|Any CPU
	EndGlobalSection
	GlobalSection(SolutionProperties) = preSolution
		HideSolutionNode = FALSE
	EndGlobalSection
	GlobalSection(ExtensibilityGlobals) = postSolution
		SolutionGuid = {E1C8B4EB-FD88-435B-887D-15901CF2240D}
	EndGlobalSection
EndGlobal
